
Microsoft Visual Studio Solution File, Format Version 12.00
# Visual Studio Version 16
VisualStudioVersion = 16.0.30804.86
MinimumVisualStudioVersion = 10.0.40219.1
Project("{2150E333-8FDC-42A3-9474-1A3956D46DE8}") = "src", "src", "{2D8F7A1D-7010-4023-A560-7D76CB8F9500}"
EndProject
Project("{FAE04EC0-301F-11D3-BF4B-00C04F79EFBC}") = "Domain", "src\Domain\Domain.csproj", "{9A382299-5895-4734-A6E6-1D96FB411115}"
EndProject
Project("{FAE04EC0-301F-11D3-BF4B-00C04F79EFBC}") = "Application", "src\Application\Application.csproj", "{32617496-9A80-4A2E-847B-D03CB59ADFEA}"
EndProject
Project("{FAE04EC0-301F-11D3-BF4B-00C04F79EFBC}") = "Api", "src\Api\Api.csproj", "{3D13ADF9-21E0-4975-8CCD-2962213435A0}"
EndProject
Project("{FAE04EC0-301F-11D3-BF4B-00C04F79EFBC}") = "Infrastructure", "src\Infrastructure\Infrastructure.csproj", "{4F9404D4-30BE-4AE1-9B58-480E78D9BA89}"
EndProject
Project("{2150E333-8FDC-42A3-9474-1A3956D46DE8}") = "tests", "tests", "{F649AD70-AE53-4873-B9C0-31FAF048F763}"
EndProject
Global
	GlobalSection(SolutionConfigurationPlatforms) = preSolution
		Debug|Any CPU = Debug|Any CPU
		Release|Any CPU = Release|Any CPU
	EndGlobalSection
	GlobalSection(ProjectConfigurationPlatforms) = postSolution
		{9A382299-5895-4734-A6E6-1D96FB411115}.Debug|Any CPU.ActiveCfg = Debug|Any CPU
		{9A382299-5895-4734-A6E6-1D96FB411115}.Debug|Any CPU.Build.0 = Debug|Any CPU
		{9A382299-5895-4734-A6E6-1D96FB411115}.Release|Any CPU.ActiveCfg = Release|Any CPU
		{9A382299-5895-4734-A6E6-1D96FB411115}.Release|Any CPU.Build.0 = Release|Any CPU
		{32617496-9A80-4A2E-847B-D03CB59ADFEA}.Debug|Any CPU.ActiveCfg = Debug|Any CPU
		{32617496-9A80-4A2E-847B-D03CB59ADFEA}.Debug|Any CPU.Build.0 = Debug|Any CPU
		{32617496-9A80-4A2E-847B-D03CB59ADFEA}.Release|Any CPU.ActiveCfg = Release|Any CPU
		{32617496-9A80-4A2E-847B-D03CB59ADFEA}.Release|Any CPU.Build.0 = Release|Any CPU
		{3D13ADF9-21E0-4975-8CCD-2962213435A0}.Debug|Any CPU.ActiveCfg = Debug|Any CPU
		{3D13ADF9-21E0-4975-8CCD-2962213435A0}.Debug|Any CPU.Build.0 = Debug|Any CPU
		{3D13ADF9-21E0-4975-8CCD-2962213435A0}.Release|Any CPU.ActiveCfg = Release|Any CPU
		{3D13ADF9-21E0-4975-8CCD-2962213435A0}.Release|Any CPU.Build.0 = Release|Any CPU
		{4F9404D4-30BE-4AE1-9B58-480E78D9BA89}.Debug|Any CPU.ActiveCfg = Debug|Any CPU
		{4F9404D4-30BE-4AE1-9B58-480E78D9BA89}.Debug|Any CPU.Build.0 = Debug|Any CPU
		{4F9404D4-30BE-4AE1-9B58-480E78D9BA89}.Release|Any CPU.ActiveCfg = Release|Any CPU
		{4F9404D4-30BE-4AE1-9B58-480E78D9BA89}.Release|Any CPU.Build.0 = Release|Any CPU
	EndGlobalSection
	GlobalSection(SolutionProperties) = preSolution
		HideSolutionNode = FALSE
	EndGlobalSection
	GlobalSection(NestedProjects) = preSolution
		{9A382299-5895-4734-A6E6-1D96FB411115} = {2D8F7A1D-7010-4023-A560-7D76CB8F9500}
		{32617496-9A80-4A2E-847B-D03CB59ADFEA} = {2D8F7A1D-7010-4023-A560-7D76CB8F9500}
		{3D13ADF9-21E0-4975-8CCD-2962213435A0} = {2D8F7A1D-7010-4023-A560-7D76CB8F9500}
		{4F9404D4-30BE-4AE1-9B58-480E78D9BA89} = {2D8F7A1D-7010-4023-A560-7D76CB8F9500}
	EndGlobalSection
	GlobalSection(ExtensibilityGlobals) = postSolution
		SolutionGuid = {0AC28944-52FD-412B-8532-7DE159745FD8}
	EndGlobalSection
EndGlobal
