
Microsoft Visual Studio Solution File, Format Version 12.00
# Visual Studio Version 16
VisualStudioVersion = 16.0.30804.86
MinimumVisualStudioVersion = 10.0.40219.1
Project("{9A19103F-16F7-4668-BE54-9A1E7A4F7556}") = "Api", "Api\Api.csproj", "{88F59E3D-2C1E-4E99-954F-9C4C1A4785B2}"
EndProject
Project("{9A19103F-16F7-4668-BE54-9A1E7A4F7556}") = "Api.Core.Contracts", "Api.Contracts\Api.Core.Contracts.csproj", "{220113CD-D0B2-4FF3-A7B5-8C1A81C37A53}"
EndProject
Project("{9A19103F-16F7-4668-BE54-9A1E7A4F7556}") = "Api.Business", "Api.Business\Api.Business.csproj", "{46ADB1B2-7551-4DB3-B145-2A84B401E421}"
EndProject
Project("{9A19103F-16F7-4668-BE54-9A1E7A4F7556}") = "Api.Core", "Api.Core\Api.Core.csproj", "{A1F6F3E3-86C2-4B28-A2D3-C2E03E452AE6}"
EndProject
Project("{FAE04EC0-301F-11D3-BF4B-00C04F79EFBC}") = "Infrastructure.Database", "Infrastructure\Infrastructure.Database.csproj", "{B295165C-C3B8-4591-946D-F6627D9F6344}"
EndProject
Project("{2150E333-8FDC-42A3-9474-1A3956D46DE8}") = "Core", "Core", "{6D493039-EBBD-45F8-BA21-68DB3E4A9913}"
EndProject
Project("{2150E333-8FDC-42A3-9474-1A3956D46DE8}") = "Business", "Business", "{437B351E-BC12-4E0A-8C8D-BE315DEF3EF9}"
EndProject
Project("{2150E333-8FDC-42A3-9474-1A3956D46DE8}") = "Infrastructure", "Infrastructure", "{F3568F87-4147-466F-AB23-BF6D9E90CDF3}"
EndProject
Global
	GlobalSection(SolutionConfigurationPlatforms) = preSolution
		Debug|Any CPU = Debug|Any CPU
		Release|Any CPU = Release|Any CPU
	EndGlobalSection
	GlobalSection(ProjectConfigurationPlatforms) = postSolution
		{88F59E3D-2C1E-4E99-954F-9C4C1A4785B2}.Debug|Any CPU.ActiveCfg = Debug|Any CPU
		{88F59E3D-2C1E-4E99-954F-9C4C1A4785B2}.Debug|Any CPU.Build.0 = Debug|Any CPU
		{88F59E3D-2C1E-4E99-954F-9C4C1A4785B2}.Release|Any CPU.ActiveCfg = Release|Any CPU
		{88F59E3D-2C1E-4E99-954F-9C4C1A4785B2}.Release|Any CPU.Build.0 = Release|Any CPU
		{220113CD-D0B2-4FF3-A7B5-8C1A81C37A53}.Debug|Any CPU.ActiveCfg = Debug|Any CPU
		{220113CD-D0B2-4FF3-A7B5-8C1A81C37A53}.Debug|Any CPU.Build.0 = Debug|Any CPU
		{220113CD-D0B2-4FF3-A7B5-8C1A81C37A53}.Release|Any CPU.ActiveCfg = Release|Any CPU
		{220113CD-D0B2-4FF3-A7B5-8C1A81C37A53}.Release|Any CPU.Build.0 = Release|Any CPU
		{46ADB1B2-7551-4DB3-B145-2A84B401E421}.Debug|Any CPU.ActiveCfg = Debug|Any CPU
		{46ADB1B2-7551-4DB3-B145-2A84B401E421}.Debug|Any CPU.Build.0 = Debug|Any CPU
		{46ADB1B2-7551-4DB3-B145-2A84B401E421}.Release|Any CPU.ActiveCfg = Release|Any CPU
		{46ADB1B2-7551-4DB3-B145-2A84B401E421}.Release|Any CPU.Build.0 = Release|Any CPU
		{A1F6F3E3-86C2-4B28-A2D3-C2E03E452AE6}.Debug|Any CPU.ActiveCfg = Debug|Any CPU
		{A1F6F3E3-86C2-4B28-A2D3-C2E03E452AE6}.Debug|Any CPU.Build.0 = Debug|Any CPU
		{A1F6F3E3-86C2-4B28-A2D3-C2E03E452AE6}.Release|Any CPU.ActiveCfg = Release|Any CPU
		{A1F6F3E3-86C2-4B28-A2D3-C2E03E452AE6}.Release|Any CPU.Build.0 = Release|Any CPU
		{B295165C-C3B8-4591-946D-F6627D9F6344}.Debug|Any CPU.ActiveCfg = Debug|Any CPU
		{B295165C-C3B8-4591-946D-F6627D9F6344}.Debug|Any CPU.Build.0 = Debug|Any CPU
		{B295165C-C3B8-4591-946D-F6627D9F6344}.Release|Any CPU.ActiveCfg = Release|Any CPU
		{B295165C-C3B8-4591-946D-F6627D9F6344}.Release|Any CPU.Build.0 = Release|Any CPU
	EndGlobalSection
	GlobalSection(SolutionProperties) = preSolution
		HideSolutionNode = FALSE
	EndGlobalSection
	GlobalSection(NestedProjects) = preSolution
		{220113CD-D0B2-4FF3-A7B5-8C1A81C37A53} = {6D493039-EBBD-45F8-BA21-68DB3E4A9913}
		{46ADB1B2-7551-4DB3-B145-2A84B401E421} = {437B351E-BC12-4E0A-8C8D-BE315DEF3EF9}
		{A1F6F3E3-86C2-4B28-A2D3-C2E03E452AE6} = {6D493039-EBBD-45F8-BA21-68DB3E4A9913}
		{B295165C-C3B8-4591-946D-F6627D9F6344} = {F3568F87-4147-466F-AB23-BF6D9E90CDF3}
	EndGlobalSection
	GlobalSection(ExtensibilityGlobals) = postSolution
		SolutionGuid = {0AC28944-52FD-412B-8532-7DE159745FD8}
	EndGlobalSection
EndGlobal
